
Microsoft Visual Studio Solution File, Format Version 12.00
# Visual Studio Version 17
VisualStudioVersion = 17.8.34309.116
MinimumVisualStudioVersion = 10.0.40219.1
Project("{9A19103F-16F7-4668-BE54-9A1E7A4F7556}") = "MicroBlog.API", "MicroBlog.API\MicroBlog.API.csproj", "{7B575B55-E1A3-4F09-895D-DBC38662EE43}"
EndProject
Project("{FAE04EC0-301F-11D3-BF4B-00C04F79EFBC}") = "MicroBlog.MVC", "..\MicroBlog.MVC\MicroBlog.MVC.csproj", "{848A79B8-4CBA-424A-A85E-462162B17BC1}"
EndProject
Project("{FAE04EC0-301F-11D3-BF4B-00C04F79EFBC}") = "MicroBlog.Common", "..\MicroBlog.Common\MicroBlog.Common.csproj", "{1B9EC84E-927A-49EB-8621-230C59FFD9EB}"
EndProject
Global
	GlobalSection(SolutionConfigurationPlatforms) = preSolution
		Debug|Any CPU = Debug|Any CPU
		Release|Any CPU = Release|Any CPU
	EndGlobalSection
	GlobalSection(ProjectConfigurationPlatforms) = postSolution
		{7B575B55-E1A3-4F09-895D-DBC38662EE43}.Debug|Any CPU.ActiveCfg = Debug|Any CPU
		{7B575B55-E1A3-4F09-895D-DBC38662EE43}.Debug|Any CPU.Build.0 = Debug|Any CPU
		{7B575B55-E1A3-4F09-895D-DBC38662EE43}.Release|Any CPU.ActiveCfg = Release|Any CPU
		{7B575B55-E1A3-4F09-895D-DBC38662EE43}.Release|Any CPU.Build.0 = Release|Any CPU
		{848A79B8-4CBA-424A-A85E-462162B17BC1}.Debug|Any CPU.ActiveCfg = Debug|Any CPU
		{848A79B8-4CBA-424A-A85E-462162B17BC1}.Debug|Any CPU.Build.0 = Debug|Any CPU
		{848A79B8-4CBA-424A-A85E-462162B17BC1}.Release|Any CPU.ActiveCfg = Release|Any CPU
		{848A79B8-4CBA-424A-A85E-462162B17BC1}.Release|Any CPU.Build.0 = Release|Any CPU
		{1B9EC84E-927A-49EB-8621-230C59FFD9EB}.Debug|Any CPU.ActiveCfg = Debug|Any CPU
		{1B9EC84E-927A-49EB-8621-230C59FFD9EB}.Debug|Any CPU.Build.0 = Debug|Any CPU
		{1B9EC84E-927A-49EB-8621-230C59FFD9EB}.Release|Any CPU.ActiveCfg = Release|Any CPU
		{1B9EC84E-927A-49EB-8621-230C59FFD9EB}.Release|Any CPU.Build.0 = Release|Any CPU
	EndGlobalSection
	GlobalSection(SolutionProperties) = preSolution
		HideSolutionNode = FALSE
	EndGlobalSection
	GlobalSection(ExtensibilityGlobals) = postSolution
		SolutionGuid = {76410EC6-26BB-406F-A303-76622A57DB92}
	EndGlobalSection
EndGlobal
